
Microsoft Visual Studio Solution File, Format Version 12.00
# Visual Studio Version 17
VisualStudioVersion = 17.3.32901.215
MinimumVisualStudioVersion = 10.0.40219.1
Project("{888888A0-9F3D-457C-B088-3A5042F75D52}") = "Company", "Company.pyproj", "{76237BFB-C6D5-4A8E-979C-3089B58A6335}"
EndProject
Global
	GlobalSection(SolutionConfigurationPlatforms) = preSolution
		Debug|Any CPU = Debug|Any CPU
		Release|Any CPU = Release|Any CPU
	EndGlobalSection
	GlobalSection(ProjectConfigurationPlatforms) = postSolution
		{76237BFB-C6D5-4A8E-979C-3089B58A6335}.Debug|Any CPU.ActiveCfg = Debug|Any CPU
		{76237BFB-C6D5-4A8E-979C-3089B58A6335}.Release|Any CPU.ActiveCfg = Release|Any CPU
	EndGlobalSection
	GlobalSection(SolutionProperties) = preSolution
		HideSolutionNode = FALSE
	EndGlobalSection
	GlobalSection(ExtensibilityGlobals) = postSolution
		SolutionGuid = {A470A959-D4A1-4448-AF7B-FE6002446C64}
	EndGlobalSection
EndGlobal
